
Microsoft Visual Studio Solution File, Format Version 12.00
# Visual Studio Version 17
VisualStudioVersion = 17.5.33424.131
MinimumVisualStudioVersion = 10.0.40219.1
Project("{FAE04EC0-301F-11D3-BF4B-00C04F79EFBC}") = "Największa liczba", "Największa liczba\Największa liczba.csproj", "{BF5161A7-640A-4A71-96D6-10EF754E959D}"
EndProject
Global
	GlobalSection(SolutionConfigurationPlatforms) = preSolution
		Debug|Any CPU = Debug|Any CPU
		Release|Any CPU = Release|Any CPU
	EndGlobalSection
	GlobalSection(ProjectConfigurationPlatforms) = postSolution
		{BF5161A7-640A-4A71-96D6-10EF754E959D}.Debug|Any CPU.ActiveCfg = Debug|Any CPU
		{BF5161A7-640A-4A71-96D6-10EF754E959D}.Debug|Any CPU.Build.0 = Debug|Any CPU
		{BF5161A7-640A-4A71-96D6-10EF754E959D}.Release|Any CPU.ActiveCfg = Release|Any CPU
		{BF5161A7-640A-4A71-96D6-10EF754E959D}.Release|Any CPU.Build.0 = Release|Any CPU
	EndGlobalSection
	GlobalSection(SolutionProperties) = preSolution
		HideSolutionNode = FALSE
	EndGlobalSection
	GlobalSection(ExtensibilityGlobals) = postSolution
		SolutionGuid = {820DE287-53C8-4AE0-BC45-2FAF97DF24FB}
	EndGlobalSection
EndGlobal
